
Microsoft Visual Studio Solution File, Format Version 12.00
# Visual Studio Version 16
VisualStudioVersion = 16.0.28803.156
MinimumVisualStudioVersion = 10.0.40219.1
Project("{9A19103F-16F7-4668-BE54-9A1E7A4F7556}") = "CarTestCoreReVue", "CarTestCoreReVue\CarTestCoreReVue.csproj", "{B1974395-3891-4126-B2E5-047CDE838442}"
EndProject
Global
	GlobalSection(SolutionConfigurationPlatforms) = preSolution
		Debug|Any CPU = Debug|Any CPU
		Release|Any CPU = Release|Any CPU
	EndGlobalSection
	GlobalSection(ProjectConfigurationPlatforms) = postSolution
		{B1974395-3891-4126-B2E5-047CDE838442}.Debug|Any CPU.ActiveCfg = Debug|Any CPU
		{B1974395-3891-4126-B2E5-047CDE838442}.Debug|Any CPU.Build.0 = Debug|Any CPU
		{B1974395-3891-4126-B2E5-047CDE838442}.Release|Any CPU.ActiveCfg = Release|Any CPU
		{B1974395-3891-4126-B2E5-047CDE838442}.Release|Any CPU.Build.0 = Release|Any CPU
	EndGlobalSection
	GlobalSection(SolutionProperties) = preSolution
		HideSolutionNode = FALSE
	EndGlobalSection
	GlobalSection(ExtensibilityGlobals) = postSolution
		SolutionGuid = {D6C09313-921A-4122-A4F0-176493BB0C22}
	EndGlobalSection
EndGlobal
